
Microsoft Visual Studio Solution File, Format Version 12.00
# Visual Studio 15
VisualStudioVersion = 15.0.27703.2042
MinimumVisualStudioVersion = 10.0.40219.1
Project("{F184B08F-C81C-45F6-A57F-5ABD9991F28F}") = "FarmApp", "FarmApp\FarmApp.vbproj", "{1303CE74-55F1-4C0A-AE12-4E75B376F232}"
EndProject
Global
	GlobalSection(SolutionConfigurationPlatforms) = preSolution
		Debug|Any CPU = Debug|Any CPU
		Release|Any CPU = Release|Any CPU
	EndGlobalSection
	GlobalSection(ProjectConfigurationPlatforms) = postSolution
		{1303CE74-55F1-4C0A-AE12-4E75B376F232}.Debug|Any CPU.ActiveCfg = Debug|Any CPU
		{1303CE74-55F1-4C0A-AE12-4E75B376F232}.Debug|Any CPU.Build.0 = Debug|Any CPU
		{1303CE74-55F1-4C0A-AE12-4E75B376F232}.Release|Any CPU.ActiveCfg = Release|Any CPU
		{1303CE74-55F1-4C0A-AE12-4E75B376F232}.Release|Any CPU.Build.0 = Release|Any CPU
	EndGlobalSection
	GlobalSection(SolutionProperties) = preSolution
		HideSolutionNode = FALSE
	EndGlobalSection
	GlobalSection(ExtensibilityGlobals) = postSolution
		SolutionGuid = {C350B20D-256A-49A1-9074-9316BF816473}
	EndGlobalSection
EndGlobal
