
Microsoft Visual Studio Solution File, Format Version 12.00
# Visual Studio 15
VisualStudioVersion = 15.0.27703.2026
MinimumVisualStudioVersion = 10.0.40219.1
Project("{FAE04EC0-301F-11D3-BF4B-00C04F79EFBC}") = "MyBookTry.Android", "MyBookTry\MyBookTry.Android\MyBookTry.Android.csproj", "{DDD21F4A-977D-4DD3-A875-6F2FFC6B59FB}"
EndProject
Project("{FAE04EC0-301F-11D3-BF4B-00C04F79EFBC}") = "MyBookTry.iOS", "MyBookTry\MyBookTry.iOS\MyBookTry.iOS.csproj", "{7CF1AA98-366F-4530-B90D-EE6FD4405FBC}"
EndProject
Project("{FAE04EC0-301F-11D3-BF4B-00C04F79EFBC}") = "MyBookTry.UWP", "MyBookTry\MyBookTry.UWP\MyBookTry.UWP.csproj", "{DE21CF26-B48A-4A09-8E3D-A55ECE770B95}"
EndProject
Project("{FAE04EC0-301F-11D3-BF4B-00C04F79EFBC}") = "MyBookTry", "MyBookTry\MyBookTry\MyBookTry.csproj", "{9FF5A539-5C7D-41FC-928F-56292707B68C}"
EndProject
Global
	GlobalSection(SolutionConfigurationPlatforms) = preSolution
		Ad-Hoc|Any CPU = Ad-Hoc|Any CPU
		Ad-Hoc|ARM = Ad-Hoc|ARM
		Ad-Hoc|iPhone = Ad-Hoc|iPhone
		Ad-Hoc|iPhoneSimulator = Ad-Hoc|iPhoneSimulator
		Ad-Hoc|x64 = Ad-Hoc|x64
		Ad-Hoc|x86 = Ad-Hoc|x86
		AppStore|Any CPU = AppStore|Any CPU
		AppStore|ARM = AppStore|ARM
		AppStore|iPhone = AppStore|iPhone
		AppStore|iPhoneSimulator = AppStore|iPhoneSimulator
		AppStore|x64 = AppStore|x64
		AppStore|x86 = AppStore|x86
		Debug|Any CPU = Debug|Any CPU
		Debug|ARM = Debug|ARM
		Debug|iPhone = Debug|iPhone
		Debug|iPhoneSimulator = Debug|iPhoneSimulator
		Debug|x64 = Debug|x64
		Debug|x86 = Debug|x86
		Release|Any CPU = Release|Any CPU
		Release|ARM = Release|ARM
		Release|iPhone = Release|iPhone
		Release|iPhoneSimulator = Release|iPhoneSimulator
		Release|x64 = Release|x64
		Release|x86 = Release|x86
	EndGlobalSection
	GlobalSection(ProjectConfigurationPlatforms) = postSolution
		{DDD21F4A-977D-4DD3-A875-6F2FFC6B59FB}.Ad-Hoc|Any CPU.ActiveCfg = Release|Any CPU
		{DDD21F4A-977D-4DD3-A875-6F2FFC6B59FB}.Ad-Hoc|Any CPU.Build.0 = Release|Any CPU
		{DDD21F4A-977D-4DD3-A875-6F2FFC6B59FB}.Ad-Hoc|Any CPU.Deploy.0 = Release|Any CPU
		{DDD21F4A-977D-4DD3-A875-6F2FFC6B59FB}.Ad-Hoc|ARM.ActiveCfg = Release|Any CPU
		{DDD21F4A-977D-4DD3-A875-6F2FFC6B59FB}.Ad-Hoc|ARM.Build.0 = Release|Any CPU
		{DDD21F4A-977D-4DD3-A875-6F2FFC6B59FB}.Ad-Hoc|ARM.Deploy.0 = Release|Any CPU
		{DDD21F4A-977D-4DD3-A875-6F2FFC6B59FB}.Ad-Hoc|iPhone.ActiveCfg = Release|Any CPU
		{DDD21F4A-977D-4DD3-A875-6F2FFC6B59FB}.Ad-Hoc|iPhone.Build.0 = Release|Any CPU
		{DDD21F4A-977D-4DD3-A875-6F2FFC6B59FB}.Ad-Hoc|iPhone.Deploy.0 = Release|Any CPU
		{DDD21F4A-977D-4DD3-A875-6F2FFC6B59FB}.Ad-Hoc|iPhoneSimulator.ActiveCfg = Release|Any CPU
		{DDD21F4A-977D-4DD3-A875-6F2FFC6B59FB}.Ad-Hoc|iPhoneSimulator.Build.0 = Release|Any CPU
		{DDD21F4A-977D-4DD3-A875-6F2FFC6B59FB}.Ad-Hoc|iPhoneSimulator.Deploy.0 = Release|Any CPU
		{DDD21F4A-977D-4DD3-A875-6F2FFC6B59FB}.Ad-Hoc|x64.ActiveCfg = Release|Any CPU
		{DDD21F4A-977D-4DD3-A875-6F2FFC6B59FB}.Ad-Hoc|x64.Build.0 = Release|Any CPU
		{DDD21F4A-977D-4DD3-A875-6F2FFC6B59FB}.Ad-Hoc|x64.Deploy.0 = Release|Any CPU
		{DDD21F4A-977D-4DD3-A875-6F2FFC6B59FB}.Ad-Hoc|x86.ActiveCfg = Release|Any CPU
		{DDD21F4A-977D-4DD3-A875-6F2FFC6B59FB}.Ad-Hoc|x86.Build.0 = Release|Any CPU
		{DDD21F4A-977D-4DD3-A875-6F2FFC6B59FB}.Ad-Hoc|x86.Deploy.0 = Release|Any CPU
		{DDD21F4A-977D-4DD3-A875-6F2FFC6B59FB}.AppStore|Any CPU.ActiveCfg = Release|Any CPU
		{DDD21F4A-977D-4DD3-A875-6F2FFC6B59FB}.AppStore|Any CPU.Build.0 = Release|Any CPU
		{DDD21F4A-977D-4DD3-A875-6F2FFC6B59FB}.AppStore|Any CPU.Deploy.0 = Release|Any CPU
		{DDD21F4A-977D-4DD3-A875-6F2FFC6B59FB}.AppStore|ARM.ActiveCfg = Release|Any CPU
		{DDD21F4A-977D-4DD3-A875-6F2FFC6B59FB}.AppStore|ARM.Build.0 = Release|Any CPU
		{DDD21F4A-977D-4DD3-A875-6F2FFC6B59FB}.AppStore|ARM.Deploy.0 = Release|Any CPU
		{DDD21F4A-977D-4DD3-A875-6F2FFC6B59FB}.AppStore|iPhone.ActiveCfg = Release|Any CPU
		{DDD21F4A-977D-4DD3-A875-6F2FFC6B59FB}.AppStore|iPhone.Build.0 = Release|Any CPU
		{DDD21F4A-977D-4DD3-A875-6F2FFC6B59FB}.AppStore|iPhone.Deploy.0 = Release|Any CPU
		{DDD21F4A-977D-4DD3-A875-6F2FFC6B59FB}.AppStore|iPhoneSimulator.ActiveCfg = Release|Any CPU
		{DDD21F4A-977D-4DD3-A875-6F2FFC6B59FB}.AppStore|iPhoneSimulator.Build.0 = Release|Any CPU
		{DDD21F4A-977D-4DD3-A875-6F2FFC6B59FB}.AppStore|iPhoneSimulator.Deploy.0 = Release|Any CPU
		{DDD21F4A-977D-4DD3-A875-6F2FFC6B59FB}.AppStore|x64.ActiveCfg = Release|Any CPU
		{DDD21F4A-977D-4DD3-A875-6F2FFC6B59FB}.AppStore|x64.Build.0 = Release|Any CPU
		{DDD21F4A-977D-4DD3-A875-6F2FFC6B59FB}.AppStore|x64.Deploy.0 = Release|Any CPU
		{DDD21F4A-977D-4DD3-A875-6F2FFC6B59FB}.AppStore|x86.ActiveCfg = Release|Any CPU
		{DDD21F4A-977D-4DD3-A875-6F2FFC6B59FB}.AppStore|x86.Build.0 = Release|Any CPU
		{DDD21F4A-977D-4DD3-A875-6F2FFC6B59FB}.AppStore|x86.Deploy.0 = Release|Any CPU
		{DDD21F4A-977D-4DD3-A875-6F2FFC6B59FB}.Debug|Any CPU.ActiveCfg = Debug|Any CPU
		{DDD21F4A-977D-4DD3-A875-6F2FFC6B59FB}.Debug|Any CPU.Build.0 = Debug|Any CPU
		{DDD21F4A-977D-4DD3-A875-6F2FFC6B59FB}.Debug|Any CPU.Deploy.0 = Debug|Any CPU
		{DDD21F4A-977D-4DD3-A875-6F2FFC6B59FB}.Debug|ARM.ActiveCfg = Debug|Any CPU
		{DDD21F4A-977D-4DD3-A875-6F2FFC6B59FB}.Debug|ARM.Build.0 = Debug|Any CPU
		{DDD21F4A-977D-4DD3-A875-6F2FFC6B59FB}.Debug|ARM.Deploy.0 = Debug|Any CPU
		{DDD21F4A-977D-4DD3-A875-6F2FFC6B59FB}.Debug|iPhone.ActiveCfg = Debug|Any CPU
		{DDD21F4A-977D-4DD3-A875-6F2FFC6B59FB}.Debug|iPhone.Build.0 = Debug|Any CPU
		{DDD21F4A-977D-4DD3-A875-6F2FFC6B59FB}.Debug|iPhone.Deploy.0 = Debug|Any CPU
		{DDD21F4A-977D-4DD3-A875-6F2FFC6B59FB}.Debug|iPhoneSimulator.ActiveCfg = Debug|Any CPU
		{DDD21F4A-977D-4DD3-A875-6F2FFC6B59FB}.Debug|iPhoneSimulator.Build.0 = Debug|Any CPU
		{DDD21F4A-977D-4DD3-A875-6F2FFC6B59FB}.Debug|iPhoneSimulator.Deploy.0 = Debug|Any CPU
		{DDD21F4A-977D-4DD3-A875-6F2FFC6B59FB}.Debug|x64.ActiveCfg = Debug|Any CPU
		{DDD21F4A-977D-4DD3-A875-6F2FFC6B59FB}.Debug|x64.Build.0 = Debug|Any CPU
		{DDD21F4A-977D-4DD3-A875-6F2FFC6B59FB}.Debug|x64.Deploy.0 = Debug|Any CPU
		{DDD21F4A-977D-4DD3-A875-6F2FFC6B59FB}.Debug|x86.ActiveCfg = Debug|Any CPU
		{DDD21F4A-977D-4DD3-A875-6F2FFC6B59FB}.Debug|x86.Build.0 = Debug|Any CPU
		{DDD21F4A-977D-4DD3-A875-6F2FFC6B59FB}.Debug|x86.Deploy.0 = Debug|Any CPU
		{DDD21F4A-977D-4DD3-A875-6F2FFC6B59FB}.Release|Any CPU.ActiveCfg = Release|Any CPU
		{DDD21F4A-977D-4DD3-A875-6F2FFC6B59FB}.Release|Any CPU.Build.0 = Release|Any CPU
		{DDD21F4A-977D-4DD3-A875-6F2FFC6B59FB}.Release|Any CPU.Deploy.0 = Release|Any CPU
		{DDD21F4A-977D-4DD3-A875-6F2FFC6B59FB}.Release|ARM.ActiveCfg = Release|Any CPU
		{DDD21F4A-977D-4DD3-A875-6F2FFC6B59FB}.Release|ARM.Build.0 = Release|Any CPU
		{DDD21F4A-977D-4DD3-A875-6F2FFC6B59FB}.Release|ARM.Deploy.0 = Release|Any CPU
		{DDD21F4A-977D-4DD3-A875-6F2FFC6B59FB}.Release|iPhone.ActiveCfg = Release|Any CPU
		{DDD21F4A-977D-4DD3-A875-6F2FFC6B59FB}.Release|iPhone.Build.0 = Release|Any CPU
		{DDD21F4A-977D-4DD3-A875-6F2FFC6B59FB}.Release|iPhone.Deploy.0 = Release|Any CPU
		{DDD21F4A-977D-4DD3-A875-6F2FFC6B59FB}.Release|iPhoneSimulator.ActiveCfg = Release|Any CPU
		{DDD21F4A-977D-4DD3-A875-6F2FFC6B59FB}.Release|iPhoneSimulator.Build.0 = Release|Any CPU
		{DDD21F4A-977D-4DD3-A875-6F2FFC6B59FB}.Release|iPhoneSimulator.Deploy.0 = Release|Any CPU
		{DDD21F4A-977D-4DD3-A875-6F2FFC6B59FB}.Release|x64.ActiveCfg = Release|Any CPU
		{DDD21F4A-977D-4DD3-A875-6F2FFC6B59FB}.Release|x64.Build.0 = Release|Any CPU
		{DDD21F4A-977D-4DD3-A875-6F2FFC6B59FB}.Release|x64.Deploy.0 = Release|Any CPU
		{DDD21F4A-977D-4DD3-A875-6F2FFC6B59FB}.Release|x86.ActiveCfg = Release|Any CPU
		{DDD21F4A-977D-4DD3-A875-6F2FFC6B59FB}.Release|x86.Build.0 = Release|Any CPU
		{DDD21F4A-977D-4DD3-A875-6F2FFC6B59FB}.Release|x86.Deploy.0 = Release|Any CPU
		{7CF1AA98-366F-4530-B90D-EE6FD4405FBC}.Ad-Hoc|Any CPU.ActiveCfg = Ad-Hoc|iPhone
		{7CF1AA98-366F-4530-B90D-EE6FD4405FBC}.Ad-Hoc|Any CPU.Build.0 = Ad-Hoc|iPhone
		{7CF1AA98-366F-4530-B90D-EE6FD4405FBC}.Ad-Hoc|Any CPU.Deploy.0 = Ad-Hoc|iPhone
		{7CF1AA98-366F-4530-B90D-EE6FD4405FBC}.Ad-Hoc|ARM.ActiveCfg = Ad-Hoc|iPhone
		{7CF1AA98-366F-4530-B90D-EE6FD4405FBC}.Ad-Hoc|ARM.Build.0 = Ad-Hoc|iPhone
		{7CF1AA98-366F-4530-B90D-EE6FD4405FBC}.Ad-Hoc|ARM.Deploy.0 = Ad-Hoc|iPhone
		{7CF1AA98-366F-4530-B90D-EE6FD4405FBC}.Ad-Hoc|iPhone.ActiveCfg = Ad-Hoc|iPhone
		{7CF1AA98-366F-4530-B90D-EE6FD4405FBC}.Ad-Hoc|iPhone.Build.0 = Ad-Hoc|iPhone
		{7CF1AA98-366F-4530-B90D-EE6FD4405FBC}.Ad-Hoc|iPhone.Deploy.0 = Ad-Hoc|iPhone
		{7CF1AA98-366F-4530-B90D-EE6FD4405FBC}.Ad-Hoc|iPhoneSimulator.ActiveCfg = Ad-Hoc|iPhoneSimulator
		{7CF1AA98-366F-4530-B90D-EE6FD4405FBC}.Ad-Hoc|iPhoneSimulator.Build.0 = Ad-Hoc|iPhoneSimulator
		{7CF1AA98-366F-4530-B90D-EE6FD4405FBC}.Ad-Hoc|iPhoneSimulator.Deploy.0 = Ad-Hoc|iPhoneSimulator
		{7CF1AA98-366F-4530-B90D-EE6FD4405FBC}.Ad-Hoc|x64.ActiveCfg = Ad-Hoc|iPhone
		{7CF1AA98-366F-4530-B90D-EE6FD4405FBC}.Ad-Hoc|x64.Build.0 = Ad-Hoc|iPhone
		{7CF1AA98-366F-4530-B90D-EE6FD4405FBC}.Ad-Hoc|x64.Deploy.0 = Ad-Hoc|iPhone
		{7CF1AA98-366F-4530-B90D-EE6FD4405FBC}.Ad-Hoc|x86.ActiveCfg = Ad-Hoc|iPhone
		{7CF1AA98-366F-4530-B90D-EE6FD4405FBC}.Ad-Hoc|x86.Build.0 = Ad-Hoc|iPhone
		{7CF1AA98-366F-4530-B90D-EE6FD4405FBC}.Ad-Hoc|x86.Deploy.0 = Ad-Hoc|iPhone
		{7CF1AA98-366F-4530-B90D-EE6FD4405FBC}.AppStore|Any CPU.ActiveCfg = AppStore|iPhone
		{7CF1AA98-366F-4530-B90D-EE6FD4405FBC}.AppStore|Any CPU.Build.0 = AppStore|iPhone
		{7CF1AA98-366F-4530-B90D-EE6FD4405FBC}.AppStore|Any CPU.Deploy.0 = AppStore|iPhone
		{7CF1AA98-366F-4530-B90D-EE6FD4405FBC}.AppStore|ARM.ActiveCfg = AppStore|iPhone
		{7CF1AA98-366F-4530-B90D-EE6FD4405FBC}.AppStore|ARM.Build.0 = AppStore|iPhone
		{7CF1AA98-366F-4530-B90D-EE6FD4405FBC}.AppStore|ARM.Deploy.0 = AppStore|iPhone
		{7CF1AA98-366F-4530-B90D-EE6FD4405FBC}.AppStore|iPhone.ActiveCfg = AppStore|iPhone
		{7CF1AA98-366F-4530-B90D-EE6FD4405FBC}.AppStore|iPhone.Build.0 = AppStore|iPhone
		{7CF1AA98-366F-4530-B90D-EE6FD4405FBC}.AppStore|iPhone.Deploy.0 = AppStore|iPhone
		{7CF1AA98-366F-4530-B90D-EE6FD4405FBC}.AppStore|iPhoneSimulator.ActiveCfg = AppStore|iPhoneSimulator
		{7CF1AA98-366F-4530-B90D-EE6FD4405FBC}.AppStore|iPhoneSimulator.Build.0 = AppStore|iPhoneSimulator
		{7CF1AA98-366F-4530-B90D-EE6FD4405FBC}.AppStore|iPhoneSimulator.Deploy.0 = AppStore|iPhoneSimulator
		{7CF1AA98-366F-4530-B90D-EE6FD4405FBC}.AppStore|x64.ActiveCfg = AppStore|iPhone
		{7CF1AA98-366F-4530-B90D-EE6FD4405FBC}.AppStore|x64.Build.0 = AppStore|iPhone
		{7CF1AA98-366F-4530-B90D-EE6FD4405FBC}.AppStore|x64.Deploy.0 = AppStore|iPhone
		{7CF1AA98-366F-4530-B90D-EE6FD4405FBC}.AppStore|x86.ActiveCfg = AppStore|iPhone
		{7CF1AA98-366F-4530-B90D-EE6FD4405FBC}.AppStore|x86.Build.0 = AppStore|iPhone
		{7CF1AA98-366F-4530-B90D-EE6FD4405FBC}.AppStore|x86.Deploy.0 = AppStore|iPhone
		{7CF1AA98-366F-4530-B90D-EE6FD4405FBC}.Debug|Any CPU.ActiveCfg = Debug|iPhoneSimulator
		{7CF1AA98-366F-4530-B90D-EE6FD4405FBC}.Debug|Any CPU.Build.0 = Debug|iPhoneSimulator
		{7CF1AA98-366F-4530-B90D-EE6FD4405FBC}.Debug|Any CPU.Deploy.0 = Debug|iPhoneSimulator
		{7CF1AA98-366F-4530-B90D-EE6FD4405FBC}.Debug|ARM.ActiveCfg = Debug|iPhone
		{7CF1AA98-366F-4530-B90D-EE6FD4405FBC}.Debug|ARM.Build.0 = Debug|iPhone
		{7CF1AA98-366F-4530-B90D-EE6FD4405FBC}.Debug|ARM.Deploy.0 = Debug|iPhone
		{7CF1AA98-366F-4530-B90D-EE6FD4405FBC}.Debug|iPhone.ActiveCfg = Debug|iPhone
		{7CF1AA98-366F-4530-B90D-EE6FD4405FBC}.Debug|iPhone.Build.0 = Debug|iPhone
		{7CF1AA98-366F-4530-B90D-EE6FD4405FBC}.Debug|iPhone.Deploy.0 = Debug|iPhone
		{7CF1AA98-366F-4530-B90D-EE6FD4405FBC}.Debug|iPhoneSimulator.ActiveCfg = Debug|iPhoneSimulator
		{7CF1AA98-366F-4530-B90D-EE6FD4405FBC}.Debug|iPhoneSimulator.Build.0 = Debug|iPhoneSimulator
		{7CF1AA98-366F-4530-B90D-EE6FD4405FBC}.Debug|iPhoneSimulator.Deploy.0 = Debug|iPhoneSimulator
		{7CF1AA98-366F-4530-B90D-EE6FD4405FBC}.Debug|x64.ActiveCfg = Debug|iPhone
		{7CF1AA98-366F-4530-B90D-EE6FD4405FBC}.Debug|x64.Build.0 = Debug|iPhone
		{7CF1AA98-366F-4530-B90D-EE6FD4405FBC}.Debug|x64.Deploy.0 = Debug|iPhone
		{7CF1AA98-366F-4530-B90D-EE6FD4405FBC}.Debug|x86.ActiveCfg = Debug|iPhone
		{7CF1AA98-366F-4530-B90D-EE6FD4405FBC}.Debug|x86.Build.0 = Debug|iPhone
		{7CF1AA98-366F-4530-B90D-EE6FD4405FBC}.Debug|x86.Deploy.0 = Debug|iPhone
		{7CF1AA98-366F-4530-B90D-EE6FD4405FBC}.Release|Any CPU.ActiveCfg = Release|iPhone
		{7CF1AA98-366F-4530-B90D-EE6FD4405FBC}.Release|Any CPU.Build.0 = Release|iPhone
		{7CF1AA98-366F-4530-B90D-EE6FD4405FBC}.Release|Any CPU.Deploy.0 = Release|iPhone
		{7CF1AA98-366F-4530-B90D-EE6FD4405FBC}.Release|ARM.ActiveCfg = Release|iPhone
		{7CF1AA98-366F-4530-B90D-EE6FD4405FBC}.Release|ARM.Build.0 = Release|iPhone
		{7CF1AA98-366F-4530-B90D-EE6FD4405FBC}.Release|ARM.Deploy.0 = Release|iPhone
		{7CF1AA98-366F-4530-B90D-EE6FD4405FBC}.Release|iPhone.ActiveCfg = Release|iPhone
		{7CF1AA98-366F-4530-B90D-EE6FD4405FBC}.Release|iPhone.Build.0 = Release|iPhone
		{7CF1AA98-366F-4530-B90D-EE6FD4405FBC}.Release|iPhone.Deploy.0 = Release|iPhone
		{7CF1AA98-366F-4530-B90D-EE6FD4405FBC}.Release|iPhoneSimulator.ActiveCfg = Release|iPhoneSimulator
		{7CF1AA98-366F-4530-B90D-EE6FD4405FBC}.Release|iPhoneSimulator.Build.0 = Release|iPhoneSimulator
		{7CF1AA98-366F-4530-B90D-EE6FD4405FBC}.Release|iPhoneSimulator.Deploy.0 = Release|iPhoneSimulator
		{7CF1AA98-366F-4530-B90D-EE6FD4405FBC}.Release|x64.ActiveCfg = Release|iPhone
		{7CF1AA98-366F-4530-B90D-EE6FD4405FBC}.Release|x64.Build.0 = Release|iPhone
		{7CF1AA98-366F-4530-B90D-EE6FD4405FBC}.Release|x64.Deploy.0 = Release|iPhone
		{7CF1AA98-366F-4530-B90D-EE6FD4405FBC}.Release|x86.ActiveCfg = Release|iPhone
		{7CF1AA98-366F-4530-B90D-EE6FD4405FBC}.Release|x86.Build.0 = Release|iPhone
		{7CF1AA98-366F-4530-B90D-EE6FD4405FBC}.Release|x86.Deploy.0 = Release|iPhone
		{DE21CF26-B48A-4A09-8E3D-A55ECE770B95}.Ad-Hoc|Any CPU.ActiveCfg = Release|x86
		{DE21CF26-B48A-4A09-8E3D-A55ECE770B95}.Ad-Hoc|Any CPU.Build.0 = Release|x86
		{DE21CF26-B48A-4A09-8E3D-A55ECE770B95}.Ad-Hoc|Any CPU.Deploy.0 = Release|x86
		{DE21CF26-B48A-4A09-8E3D-A55ECE770B95}.Ad-Hoc|ARM.ActiveCfg = Release|ARM
		{DE21CF26-B48A-4A09-8E3D-A55ECE770B95}.Ad-Hoc|ARM.Build.0 = Release|ARM
		{DE21CF26-B48A-4A09-8E3D-A55ECE770B95}.Ad-Hoc|ARM.Deploy.0 = Release|ARM
		{DE21CF26-B48A-4A09-8E3D-A55ECE770B95}.Ad-Hoc|iPhone.ActiveCfg = Release|x86
		{DE21CF26-B48A-4A09-8E3D-A55ECE770B95}.Ad-Hoc|iPhone.Build.0 = Release|x86
		{DE21CF26-B48A-4A09-8E3D-A55ECE770B95}.Ad-Hoc|iPhone.Deploy.0 = Release|x86
		{DE21CF26-B48A-4A09-8E3D-A55ECE770B95}.Ad-Hoc|iPhoneSimulator.ActiveCfg = Release|x86
		{DE21CF26-B48A-4A09-8E3D-A55ECE770B95}.Ad-Hoc|iPhoneSimulator.Build.0 = Release|x86
		{DE21CF26-B48A-4A09-8E3D-A55ECE770B95}.Ad-Hoc|iPhoneSimulator.Deploy.0 = Release|x86
		{DE21CF26-B48A-4A09-8E3D-A55ECE770B95}.Ad-Hoc|x64.ActiveCfg = Release|x64
		{DE21CF26-B48A-4A09-8E3D-A55ECE770B95}.Ad-Hoc|x64.Build.0 = Release|x64
		{DE21CF26-B48A-4A09-8E3D-A55ECE770B95}.Ad-Hoc|x64.Deploy.0 = Release|x64
		{DE21CF26-B48A-4A09-8E3D-A55ECE770B95}.Ad-Hoc|x86.ActiveCfg = Release|x86
		{DE21CF26-B48A-4A09-8E3D-A55ECE770B95}.Ad-Hoc|x86.Build.0 = Release|x86
		{DE21CF26-B48A-4A09-8E3D-A55ECE770B95}.Ad-Hoc|x86.Deploy.0 = Release|x86
		{DE21CF26-B48A-4A09-8E3D-A55ECE770B95}.AppStore|Any CPU.ActiveCfg = Release|x86
		{DE21CF26-B48A-4A09-8E3D-A55ECE770B95}.AppStore|Any CPU.Build.0 = Release|x86
		{DE21CF26-B48A-4A09-8E3D-A55ECE770B95}.AppStore|Any CPU.Deploy.0 = Release|x86
		{DE21CF26-B48A-4A09-8E3D-A55ECE770B95}.AppStore|ARM.ActiveCfg = Release|ARM
		{DE21CF26-B48A-4A09-8E3D-A55ECE770B95}.AppStore|ARM.Build.0 = Release|ARM
		{DE21CF26-B48A-4A09-8E3D-A55ECE770B95}.AppStore|ARM.Deploy.0 = Release|ARM
		{DE21CF26-B48A-4A09-8E3D-A55ECE770B95}.AppStore|iPhone.ActiveCfg = Release|x86
		{DE21CF26-B48A-4A09-8E3D-A55ECE770B95}.AppStore|iPhone.Build.0 = Release|x86
		{DE21CF26-B48A-4A09-8E3D-A55ECE770B95}.AppStore|iPhone.Deploy.0 = Release|x86
		{DE21CF26-B48A-4A09-8E3D-A55ECE770B95}.AppStore|iPhoneSimulator.ActiveCfg = Release|x86
		{DE21CF26-B48A-4A09-8E3D-A55ECE770B95}.AppStore|iPhoneSimulator.Build.0 = Release|x86
		{DE21CF26-B48A-4A09-8E3D-A55ECE770B95}.AppStore|iPhoneSimulator.Deploy.0 = Release|x86
		{DE21CF26-B48A-4A09-8E3D-A55ECE770B95}.AppStore|x64.ActiveCfg = Release|x64
		{DE21CF26-B48A-4A09-8E3D-A55ECE770B95}.AppStore|x64.Build.0 = Release|x64
		{DE21CF26-B48A-4A09-8E3D-A55ECE770B95}.AppStore|x64.Deploy.0 = Release|x64
		{DE21CF26-B48A-4A09-8E3D-A55ECE770B95}.AppStore|x86.ActiveCfg = Release|x86
		{DE21CF26-B48A-4A09-8E3D-A55ECE770B95}.AppStore|x86.Build.0 = Release|x86
		{DE21CF26-B48A-4A09-8E3D-A55ECE770B95}.AppStore|x86.Deploy.0 = Release|x86
		{DE21CF26-B48A-4A09-8E3D-A55ECE770B95}.Debug|Any CPU.ActiveCfg = Debug|x86
		{DE21CF26-B48A-4A09-8E3D-A55ECE770B95}.Debug|Any CPU.Build.0 = Debug|x86
		{DE21CF26-B48A-4A09-8E3D-A55ECE770B95}.Debug|Any CPU.Deploy.0 = Debug|x86
		{DE21CF26-B48A-4A09-8E3D-A55ECE770B95}.Debug|ARM.ActiveCfg = Debug|ARM
		{DE21CF26-B48A-4A09-8E3D-A55ECE770B95}.Debug|ARM.Build.0 = Debug|ARM
		{DE21CF26-B48A-4A09-8E3D-A55ECE770B95}.Debug|ARM.Deploy.0 = Debug|ARM
		{DE21CF26-B48A-4A09-8E3D-A55ECE770B95}.Debug|iPhone.ActiveCfg = Debug|x86
		{DE21CF26-B48A-4A09-8E3D-A55ECE770B95}.Debug|iPhone.Build.0 = Debug|x86
		{DE21CF26-B48A-4A09-8E3D-A55ECE770B95}.Debug|iPhone.Deploy.0 = Debug|x86
		{DE21CF26-B48A-4A09-8E3D-A55ECE770B95}.Debug|iPhoneSimulator.ActiveCfg = Debug|x86
		{DE21CF26-B48A-4A09-8E3D-A55ECE770B95}.Debug|iPhoneSimulator.Build.0 = Debug|x86
		{DE21CF26-B48A-4A09-8E3D-A55ECE770B95}.Debug|iPhoneSimulator.Deploy.0 = Debug|x86
		{DE21CF26-B48A-4A09-8E3D-A55ECE770B95}.Debug|x64.ActiveCfg = Debug|x64
		{DE21CF26-B48A-4A09-8E3D-A55ECE770B95}.Debug|x64.Build.0 = Debug|x64
		{DE21CF26-B48A-4A09-8E3D-A55ECE770B95}.Debug|x64.Deploy.0 = Debug|x64
		{DE21CF26-B48A-4A09-8E3D-A55ECE770B95}.Debug|x86.ActiveCfg = Debug|x86
		{DE21CF26-B48A-4A09-8E3D-A55ECE770B95}.Debug|x86.Build.0 = Debug|x86
		{DE21CF26-B48A-4A09-8E3D-A55ECE770B95}.Debug|x86.Deploy.0 = Debug|x86
		{DE21CF26-B48A-4A09-8E3D-A55ECE770B95}.Release|Any CPU.ActiveCfg = Release|x86
		{DE21CF26-B48A-4A09-8E3D-A55ECE770B95}.Release|Any CPU.Build.0 = Release|x86
		{DE21CF26-B48A-4A09-8E3D-A55ECE770B95}.Release|Any CPU.Deploy.0 = Release|x86
		{DE21CF26-B48A-4A09-8E3D-A55ECE770B95}.Release|ARM.ActiveCfg = Release|ARM
		{DE21CF26-B48A-4A09-8E3D-A55ECE770B95}.Release|ARM.Build.0 = Release|ARM
		{DE21CF26-B48A-4A09-8E3D-A55ECE770B95}.Release|ARM.Deploy.0 = Release|ARM
		{DE21CF26-B48A-4A09-8E3D-A55ECE770B95}.Release|iPhone.ActiveCfg = Release|x86
		{DE21CF26-B48A-4A09-8E3D-A55ECE770B95}.Release|iPhone.Build.0 = Release|x86
		{DE21CF26-B48A-4A09-8E3D-A55ECE770B95}.Release|iPhone.Deploy.0 = Release|x86
		{DE21CF26-B48A-4A09-8E3D-A55ECE770B95}.Release|iPhoneSimulator.ActiveCfg = Release|x86
		{DE21CF26-B48A-4A09-8E3D-A55ECE770B95}.Release|iPhoneSimulator.Build.0 = Release|x86
		{DE21CF26-B48A-4A09-8E3D-A55ECE770B95}.Release|iPhoneSimulator.Deploy.0 = Release|x86
		{DE21CF26-B48A-4A09-8E3D-A55ECE770B95}.Release|x64.ActiveCfg = Release|x64
		{DE21CF26-B48A-4A09-8E3D-A55ECE770B95}.Release|x64.Build.0 = Release|x64
		{DE21CF26-B48A-4A09-8E3D-A55ECE770B95}.Release|x64.Deploy.0 = Release|x64
		{DE21CF26-B48A-4A09-8E3D-A55ECE770B95}.Release|x86.ActiveCfg = Release|x86
		{DE21CF26-B48A-4A09-8E3D-A55ECE770B95}.Release|x86.Build.0 = Release|x86
		{DE21CF26-B48A-4A09-8E3D-A55ECE770B95}.Release|x86.Deploy.0 = Release|x86
		{9FF5A539-5C7D-41FC-928F-56292707B68C}.Ad-Hoc|Any CPU.ActiveCfg = Debug|Any CPU
		{9FF5A539-5C7D-41FC-928F-56292707B68C}.Ad-Hoc|Any CPU.Build.0 = Debug|Any CPU
		{9FF5A539-5C7D-41FC-928F-56292707B68C}.Ad-Hoc|Any CPU.Deploy.0 = Debug|Any CPU
		{9FF5A539-5C7D-41FC-928F-56292707B68C}.Ad-Hoc|ARM.ActiveCfg = Debug|Any CPU
		{9FF5A539-5C7D-41FC-928F-56292707B68C}.Ad-Hoc|ARM.Build.0 = Debug|Any CPU
		{9FF5A539-5C7D-41FC-928F-56292707B68C}.Ad-Hoc|ARM.Deploy.0 = Debug|Any CPU
		{9FF5A539-5C7D-41FC-928F-56292707B68C}.Ad-Hoc|iPhone.ActiveCfg = Debug|Any CPU
		{9FF5A539-5C7D-41FC-928F-56292707B68C}.Ad-Hoc|iPhone.Build.0 = Debug|Any CPU
		{9FF5A539-5C7D-41FC-928F-56292707B68C}.Ad-Hoc|iPhone.Deploy.0 = Debug|Any CPU
		{9FF5A539-5C7D-41FC-928F-56292707B68C}.Ad-Hoc|iPhoneSimulator.ActiveCfg = Debug|Any CPU
		{9FF5A539-5C7D-41FC-928F-56292707B68C}.Ad-Hoc|iPhoneSimulator.Build.0 = Debug|Any CPU
		{9FF5A539-5C7D-41FC-928F-56292707B68C}.Ad-Hoc|iPhoneSimulator.Deploy.0 = Debug|Any CPU
		{9FF5A539-5C7D-41FC-928F-56292707B68C}.Ad-Hoc|x64.ActiveCfg = Debug|Any CPU
		{9FF5A539-5C7D-41FC-928F-56292707B68C}.Ad-Hoc|x64.Build.0 = Debug|Any CPU
		{9FF5A539-5C7D-41FC-928F-56292707B68C}.Ad-Hoc|x64.Deploy.0 = Debug|Any CPU
		{9FF5A539-5C7D-41FC-928F-56292707B68C}.Ad-Hoc|x86.ActiveCfg = Debug|Any CPU
		{9FF5A539-5C7D-41FC-928F-56292707B68C}.Ad-Hoc|x86.Build.0 = Debug|Any CPU
		{9FF5A539-5C7D-41FC-928F-56292707B68C}.Ad-Hoc|x86.Deploy.0 = Debug|Any CPU
		{9FF5A539-5C7D-41FC-928F-56292707B68C}.AppStore|Any CPU.ActiveCfg = Debug|Any CPU
		{9FF5A539-5C7D-41FC-928F-56292707B68C}.AppStore|Any CPU.Build.0 = Debug|Any CPU
		{9FF5A539-5C7D-41FC-928F-56292707B68C}.AppStore|Any CPU.Deploy.0 = Debug|Any CPU
		{9FF5A539-5C7D-41FC-928F-56292707B68C}.AppStore|ARM.ActiveCfg = Debug|Any CPU
		{9FF5A539-5C7D-41FC-928F-56292707B68C}.AppStore|ARM.Build.0 = Debug|Any CPU
		{9FF5A539-5C7D-41FC-928F-56292707B68C}.AppStore|ARM.Deploy.0 = Debug|Any CPU
		{9FF5A539-5C7D-41FC-928F-56292707B68C}.AppStore|iPhone.ActiveCfg = Debug|Any CPU
		{9FF5A539-5C7D-41FC-928F-56292707B68C}.AppStore|iPhone.Build.0 = Debug|Any CPU
		{9FF5A539-5C7D-41FC-928F-56292707B68C}.AppStore|iPhone.Deploy.0 = Debug|Any CPU
		{9FF5A539-5C7D-41FC-928F-56292707B68C}.AppStore|iPhoneSimulator.ActiveCfg = Debug|Any CPU
		{9FF5A539-5C7D-41FC-928F-56292707B68C}.AppStore|iPhoneSimulator.Build.0 = Debug|Any CPU
		{9FF5A539-5C7D-41FC-928F-56292707B68C}.AppStore|iPhoneSimulator.Deploy.0 = Debug|Any CPU
		{9FF5A539-5C7D-41FC-928F-56292707B68C}.AppStore|x64.ActiveCfg = Debug|Any CPU
		{9FF5A539-5C7D-41FC-928F-56292707B68C}.AppStore|x64.Build.0 = Debug|Any CPU
		{9FF5A539-5C7D-41FC-928F-56292707B68C}.AppStore|x64.Deploy.0 = Debug|Any CPU
		{9FF5A539-5C7D-41FC-928F-56292707B68C}.AppStore|x86.ActiveCfg = Debug|Any CPU
		{9FF5A539-5C7D-41FC-928F-56292707B68C}.AppStore|x86.Build.0 = Debug|Any CPU
		{9FF5A539-5C7D-41FC-928F-56292707B68C}.AppStore|x86.Deploy.0 = Debug|Any CPU
		{9FF5A539-5C7D-41FC-928F-56292707B68C}.Debug|Any CPU.ActiveCfg = Debug|Any CPU
		{9FF5A539-5C7D-41FC-928F-56292707B68C}.Debug|Any CPU.Build.0 = Debug|Any CPU
		{9FF5A539-5C7D-41FC-928F-56292707B68C}.Debug|Any CPU.Deploy.0 = Debug|Any CPU
		{9FF5A539-5C7D-41FC-928F-56292707B68C}.Debug|ARM.ActiveCfg = Debug|Any CPU
		{9FF5A539-5C7D-41FC-928F-56292707B68C}.Debug|ARM.Build.0 = Debug|Any CPU
		{9FF5A539-5C7D-41FC-928F-56292707B68C}.Debug|ARM.Deploy.0 = Debug|Any CPU
		{9FF5A539-5C7D-41FC-928F-56292707B68C}.Debug|iPhone.ActiveCfg = Debug|Any CPU
		{9FF5A539-5C7D-41FC-928F-56292707B68C}.Debug|iPhone.Build.0 = Debug|Any CPU
		{9FF5A539-5C7D-41FC-928F-56292707B68C}.Debug|iPhone.Deploy.0 = Debug|Any CPU
		{9FF5A539-5C7D-41FC-928F-56292707B68C}.Debug|iPhoneSimulator.ActiveCfg = Debug|Any CPU
		{9FF5A539-5C7D-41FC-928F-56292707B68C}.Debug|iPhoneSimulator.Build.0 = Debug|Any CPU
		{9FF5A539-5C7D-41FC-928F-56292707B68C}.Debug|iPhoneSimulator.Deploy.0 = Debug|Any CPU
		{9FF5A539-5C7D-41FC-928F-56292707B68C}.Debug|x64.ActiveCfg = Debug|Any CPU
		{9FF5A539-5C7D-41FC-928F-56292707B68C}.Debug|x64.Build.0 = Debug|Any CPU
		{9FF5A539-5C7D-41FC-928F-56292707B68C}.Debug|x64.Deploy.0 = Debug|Any CPU
		{9FF5A539-5C7D-41FC-928F-56292707B68C}.Debug|x86.ActiveCfg = Debug|Any CPU
		{9FF5A539-5C7D-41FC-928F-56292707B68C}.Debug|x86.Build.0 = Debug|Any CPU
		{9FF5A539-5C7D-41FC-928F-56292707B68C}.Debug|x86.Deploy.0 = Debug|Any CPU
		{9FF5A539-5C7D-41FC-928F-56292707B68C}.Release|Any CPU.ActiveCfg = Release|Any CPU
		{9FF5A539-5C7D-41FC-928F-56292707B68C}.Release|Any CPU.Build.0 = Release|Any CPU
		{9FF5A539-5C7D-41FC-928F-56292707B68C}.Release|Any CPU.Deploy.0 = Release|Any CPU
		{9FF5A539-5C7D-41FC-928F-56292707B68C}.Release|ARM.ActiveCfg = Release|Any CPU
		{9FF5A539-5C7D-41FC-928F-56292707B68C}.Release|ARM.Build.0 = Release|Any CPU
		{9FF5A539-5C7D-41FC-928F-56292707B68C}.Release|ARM.Deploy.0 = Release|Any CPU
		{9FF5A539-5C7D-41FC-928F-56292707B68C}.Release|iPhone.ActiveCfg = Release|Any CPU
		{9FF5A539-5C7D-41FC-928F-56292707B68C}.Release|iPhone.Build.0 = Release|Any CPU
		{9FF5A539-5C7D-41FC-928F-56292707B68C}.Release|iPhone.Deploy.0 = Release|Any CPU
		{9FF5A539-5C7D-41FC-928F-56292707B68C}.Release|iPhoneSimulator.ActiveCfg = Release|Any CPU
		{9FF5A539-5C7D-41FC-928F-56292707B68C}.Release|iPhoneSimulator.Build.0 = Release|Any CPU
		{9FF5A539-5C7D-41FC-928F-56292707B68C}.Release|iPhoneSimulator.Deploy.0 = Release|Any CPU
		{9FF5A539-5C7D-41FC-928F-56292707B68C}.Release|x64.ActiveCfg = Release|Any CPU
		{9FF5A539-5C7D-41FC-928F-56292707B68C}.Release|x64.Build.0 = Release|Any CPU
		{9FF5A539-5C7D-41FC-928F-56292707B68C}.Release|x64.Deploy.0 = Release|Any CPU
		{9FF5A539-5C7D-41FC-928F-56292707B68C}.Release|x86.ActiveCfg = Release|Any CPU
		{9FF5A539-5C7D-41FC-928F-56292707B68C}.Release|x86.Build.0 = Release|Any CPU
		{9FF5A539-5C7D-41FC-928F-56292707B68C}.Release|x86.Deploy.0 = Release|Any CPU
	EndGlobalSection
	GlobalSection(SolutionProperties) = preSolution
		HideSolutionNode = FALSE
	EndGlobalSection
	GlobalSection(ExtensibilityGlobals) = postSolution
		SolutionGuid = {01FBD9DC-5240-44ED-A70B-7BD65310320E}
	EndGlobalSection
EndGlobal
